
Microsoft Visual Studio Solution File, Format Version 12.00
# Visual Studio Version 16
VisualStudioVersion = 16.0.28803.202
MinimumVisualStudioVersion = 10.0.40219.1
Project("{FAE04EC0-301F-11D3-BF4B-00C04F79EFBC}") = "HouseSystem", "HouseSystem\HouseSystem.csproj", "{982D7223-FDB6-4028-A50C-2BFAFBA72B95}"
EndProject
Global
	GlobalSection(SolutionConfigurationPlatforms) = preSolution
		Debug|Any CPU = Debug|Any CPU
		Release|Any CPU = Release|Any CPU
	EndGlobalSection
	GlobalSection(ProjectConfigurationPlatforms) = postSolution
		{982D7223-FDB6-4028-A50C-2BFAFBA72B95}.Debug|Any CPU.ActiveCfg = Debug|Any CPU
		{982D7223-FDB6-4028-A50C-2BFAFBA72B95}.Debug|Any CPU.Build.0 = Debug|Any CPU
		{982D7223-FDB6-4028-A50C-2BFAFBA72B95}.Release|Any CPU.ActiveCfg = Release|Any CPU
		{982D7223-FDB6-4028-A50C-2BFAFBA72B95}.Release|Any CPU.Build.0 = Release|Any CPU
	EndGlobalSection
	GlobalSection(SolutionProperties) = preSolution
		HideSolutionNode = FALSE
	EndGlobalSection
	GlobalSection(ExtensibilityGlobals) = postSolution
		SolutionGuid = {077CDFEB-2E25-4011-A27F-52161F291D8C}
	EndGlobalSection
EndGlobal
